
Microsoft Visual Studio Solution File, Format Version 12.00
# Visual Studio Version 17
VisualStudioVersion = 17.5.33424.131
MinimumVisualStudioVersion = 10.0.40219.1
Project("{FAE04EC0-301F-11D3-BF4B-00C04F79EFBC}") = "Semestr1_Lekcja10_2023_2", "Semestr1_Lekcja10_2023_2\Semestr1_Lekcja10_2023_2.csproj", "{8DA5AF45-5343-4B10-8C29-3CE5BF32B498}"
EndProject
Global
	GlobalSection(SolutionConfigurationPlatforms) = preSolution
		Debug|Any CPU = Debug|Any CPU
		Release|Any CPU = Release|Any CPU
	EndGlobalSection
	GlobalSection(ProjectConfigurationPlatforms) = postSolution
		{8DA5AF45-5343-4B10-8C29-3CE5BF32B498}.Debug|Any CPU.ActiveCfg = Debug|Any CPU
		{8DA5AF45-5343-4B10-8C29-3CE5BF32B498}.Debug|Any CPU.Build.0 = Debug|Any CPU
		{8DA5AF45-5343-4B10-8C29-3CE5BF32B498}.Release|Any CPU.ActiveCfg = Release|Any CPU
		{8DA5AF45-5343-4B10-8C29-3CE5BF32B498}.Release|Any CPU.Build.0 = Release|Any CPU
	EndGlobalSection
	GlobalSection(SolutionProperties) = preSolution
		HideSolutionNode = FALSE
	EndGlobalSection
	GlobalSection(ExtensibilityGlobals) = postSolution
		SolutionGuid = {93BA321D-ED88-4BA6-BF44-55D96EA47065}
	EndGlobalSection
EndGlobal
